
Microsoft Visual Studio Solution File, Format Version 12.00
# Visual Studio Version 16
VisualStudioVersion = 16.0.30011.22
MinimumVisualStudioVersion = 10.0.40219.1
Project("{FAE04EC0-301F-11D3-BF4B-00C04F79EFBC}") = "ConsoleApp1", "ConsoleApp1\ConsoleApp1.csproj", "{3355485B-41D7-4102-96E1-A3316C9CF8FE}"
EndProject
Global
	GlobalSection(SolutionConfigurationPlatforms) = preSolution
		Debug|Any CPU = Debug|Any CPU
		Release|Any CPU = Release|Any CPU
	EndGlobalSection
	GlobalSection(ProjectConfigurationPlatforms) = postSolution
		{3355485B-41D7-4102-96E1-A3316C9CF8FE}.Debug|Any CPU.ActiveCfg = Debug|Any CPU
		{3355485B-41D7-4102-96E1-A3316C9CF8FE}.Debug|Any CPU.Build.0 = Debug|Any CPU
		{3355485B-41D7-4102-96E1-A3316C9CF8FE}.Release|Any CPU.ActiveCfg = Release|Any CPU
		{3355485B-41D7-4102-96E1-A3316C9CF8FE}.Release|Any CPU.Build.0 = Release|Any CPU
	EndGlobalSection
	GlobalSection(SolutionProperties) = preSolution
		HideSolutionNode = FALSE
	EndGlobalSection
	GlobalSection(ExtensibilityGlobals) = postSolution
		SolutionGuid = {6C4E5294-6667-419A-A8AC-380864D4A0B7}
	EndGlobalSection
EndGlobal
